
Microsoft Visual Studio Solution File, Format Version 12.00
# Visual Studio 14
VisualStudioVersion = 14.0.25420.1
MinimumVisualStudioVersion = 10.0.40219.1
Project("{FAE04EC0-301F-11D3-BF4B-00C04F79EFBC}") = "Lab01Passed", "Lab01Passed\Lab01Passed.csproj", "{B9B10CDD-58B5-4142-8C8D-039146025B9E}"
EndProject
Project("{FAE04EC0-301F-11D3-BF4B-00C04F79EFBC}") = "Lab04MonthPrinter", "Lab04MonthPrinter\Lab04MonthPrinter.csproj", "{37F55E5C-D50E-4614-8C89-C8D5FD19E83B}"
EndProject
Project("{FAE04EC0-301F-11D3-BF4B-00C04F79EFBC}") = "Lab05ForeignLanguages", "Lab05ForeignLanguages\Lab05ForeignLanguages.csproj", "{584205CE-BBF4-4184-92A4-37967F28FD1B}"
EndProject
Project("{FAE04EC0-301F-11D3-BF4B-00C04F79EFBC}") = "Lab06TheatrePromotion", "Lab06TheatrePromotion\Lab06TheatrePromotion.csproj", "{E4017EEE-812F-46C8-843C-FDE6DA9F349B}"
EndProject
Project("{FAE04EC0-301F-11D3-BF4B-00C04F79EFBC}") = "Lab07DivisibleBy3", "Lab07DivisibleBy3\Lab07DivisibleBy3.csproj", "{E279466F-3E5A-4A55-B8D9-02C427BC8A58}"
EndProject
Project("{FAE04EC0-301F-11D3-BF4B-00C04F79EFBC}") = "Lab08SumOfOddNumbers", "Lab08SumOfOddNumbers\Lab08SumOfOddNumbers.csproj", "{449B8F14-1235-4676-B3B1-5105519FA10E}"
EndProject
Project("{FAE04EC0-301F-11D3-BF4B-00C04F79EFBC}") = "Lab09MultiplicationTable", "Lab09MultiplicationTable\Lab09MultiplicationTable.csproj", "{A8A9E73F-EA85-430F-B5DE-9650AFA6EE6A}"
EndProject
Project("{FAE04EC0-301F-11D3-BF4B-00C04F79EFBC}") = "Lab11OddNumber", "Lab11OddNumber\Lab11OddNumber.csproj", "{5D0172AF-D475-4084-B157-991162A2089C}"
EndProject
Project("{FAE04EC0-301F-11D3-BF4B-00C04F79EFBC}") = "Lab12NumberChecker", "Lab12NumberChecker\Lab12NumberChecker.csproj", "{435AADA8-0685-4D9A-BD2F-3A18C6D2F50F}"
EndProject
Project("{FAE04EC0-301F-11D3-BF4B-00C04F79EFBC}") = "01ChooseaDrink", "01ChooseaDrink\01ChooseaDrink.csproj", "{47FA431F-28B0-4CD8-AD71-D2FD3C6D0F91}"
EndProject
Project("{FAE04EC0-301F-11D3-BF4B-00C04F79EFBC}") = "02ChooseaDrink2.0", "02ChooseaDrink2.0\02ChooseaDrink2.0.csproj", "{C81B828C-242C-4C3B-B4DB-E189D43AAAE8}"
EndProject
Project("{FAE04EC0-301F-11D3-BF4B-00C04F79EFBC}") = "03RestaurantDiscount", "03RestaurantDiscount\03RestaurantDiscount.csproj", "{0CACB005-ED3F-4A7F-ACD5-6E5B3CEF8A3F}"
EndProject
Project("{FAE04EC0-301F-11D3-BF4B-00C04F79EFBC}") = "04Hotel", "04Hotel\04Hotel.csproj", "{41034811-0658-4F2B-BE2C-5F0265F51C36}"
EndProject
Project("{FAE04EC0-301F-11D3-BF4B-00C04F79EFBC}") = "05WordInPlural", "05WordInPlural\05WordInPlural.csproj", "{D26BC2DE-4428-4AD6-AF89-2792F55F5933}"
EndProject
Project("{FAE04EC0-301F-11D3-BF4B-00C04F79EFBC}") = "06IntervalOfNumbers", "06IntervalOfNumbers\06IntervalOfNumbers.csproj", "{51FE5954-7ED4-4C3A-8570-0FE10BD5E097}"
EndProject
Project("{FAE04EC0-301F-11D3-BF4B-00C04F79EFBC}") = "07CakeIngredients", "07CakeIngredients\07CakeIngredients.csproj", "{C37100E4-B916-4A8F-B65A-933A8B5A87D0}"
EndProject
Project("{FAE04EC0-301F-11D3-BF4B-00C04F79EFBC}") = "08CaloriesCounter", "08CaloriesCounter\08CaloriesCounter.csproj", "{CEB3BE3F-CEDA-419E-B6BD-1A0B9D58F199}"
EndProject
Project("{FAE04EC0-301F-11D3-BF4B-00C04F79EFBC}") = "09CountTheIntegers", "09CountTheIntegers\09CountTheIntegers.csproj", "{F7DF29B5-79F4-4620-A8CA-1DCBC8E73E87}"
EndProject
Project("{FAE04EC0-301F-11D3-BF4B-00C04F79EFBC}") = "10TriangleOfNumbers", "10TriangleOfNumbers\10TriangleOfNumbers.csproj", "{E3DFD2F3-C143-4680-A109-FC1265FDECF8}"
EndProject
Project("{FAE04EC0-301F-11D3-BF4B-00C04F79EFBC}") = "115DifferentNumbers", "115DifferentNumbers\115DifferentNumbers.csproj", "{F360C6A6-6ACB-42A8-A34B-32BAAD92FA2A}"
EndProject
Project("{FAE04EC0-301F-11D3-BF4B-00C04F79EFBC}") = "12TestNumbers", "12TestNumbers\12TestNumbers.csproj", "{670DA457-9F84-432D-815F-15402C13EB60}"
EndProject
Project("{FAE04EC0-301F-11D3-BF4B-00C04F79EFBC}") = "13GameOfNumbers", "13GameOfNumbers\13GameOfNumbers.csproj", "{D9610C35-13D5-4AD3-A619-F356F78D0981}"
EndProject
Project("{FAE04EC0-301F-11D3-BF4B-00C04F79EFBC}") = "14MagicLetter", "14MagicLetter\14MagicLetter.csproj", "{5EFC28EB-A3DB-4380-8C40-AE2F91164E02}"
EndProject
Project("{FAE04EC0-301F-11D3-BF4B-00C04F79EFBC}") = "15NeighbourWars", "15NeighbourWars\15NeighbourWars.csproj", "{8DCAA80D-A80E-4913-96A4-A281A6AF3422}"
EndProject
Project("{FAE04EC0-301F-11D3-BF4B-00C04F79EFBC}") = "more01X", "more01X\more01X.csproj", "{558C73C2-1251-4DFB-B2FC-CD2852D0C0A5}"
EndProject
Project("{FAE04EC0-301F-11D3-BF4B-00C04F79EFBC}") = "more02VaporStore", "more02VaporStore\more02VaporStore.csproj", "{754F245A-CA50-4DEA-A5F0-4EDA746011A7}"
EndProject
Project("{FAE04EC0-301F-11D3-BF4B-00C04F79EFBC}") = "more03Megapixels", "more03Megapixels\more03Megapixels.csproj", "{5E48BEAF-4118-4C97-A318-7D9A2111CB36}"
EndProject
Project("{FAE04EC0-301F-11D3-BF4B-00C04F79EFBC}") = "more04PhotoGallery", "more04PhotoGallery\more04PhotoGallery.csproj", "{A682E52A-B9D0-41C7-AC55-89433A4856B5}"
EndProject
Project("{FAE04EC0-301F-11D3-BF4B-00C04F79EFBC}") = "more05BPMCounter", "more05BPMCounter\more05BPMCounter.csproj", "{5840E8E3-68EB-49A2-8427-B8EABE847068}"
EndProject
Project("{FAE04EC0-301F-11D3-BF4B-00C04F79EFBC}") = "more06DNASequences", "more06DNASequences\more06DNASequences.csproj", "{326ABA6B-FA07-418A-BDBD-6F7FE3909640}"
EndProject
Project("{FAE04EC0-301F-11D3-BF4B-00C04F79EFBC}") = "more08SMSTyping", "пдие08SMSTyping\more08SMSTyping.csproj", "{AF44AAE8-188B-4E7D-AD1C-CA54D702590B}"
EndProject
Project("{FAE04EC0-301F-11D3-BF4B-00C04F79EFBC}") = "more07TrainingHallEquipment", "more07TrainingHallEquipment\more07TrainingHallEquipment.csproj", "{8794F522-94E4-4689-8450-7173225C0D73}"
EndProject
Global
	GlobalSection(SolutionConfigurationPlatforms) = preSolution
		Debug|Any CPU = Debug|Any CPU
		Release|Any CPU = Release|Any CPU
	EndGlobalSection
	GlobalSection(ProjectConfigurationPlatforms) = postSolution
		{B9B10CDD-58B5-4142-8C8D-039146025B9E}.Debug|Any CPU.ActiveCfg = Debug|Any CPU
		{B9B10CDD-58B5-4142-8C8D-039146025B9E}.Debug|Any CPU.Build.0 = Debug|Any CPU
		{B9B10CDD-58B5-4142-8C8D-039146025B9E}.Release|Any CPU.ActiveCfg = Release|Any CPU
		{B9B10CDD-58B5-4142-8C8D-039146025B9E}.Release|Any CPU.Build.0 = Release|Any CPU
		{37F55E5C-D50E-4614-8C89-C8D5FD19E83B}.Debug|Any CPU.ActiveCfg = Debug|Any CPU
		{37F55E5C-D50E-4614-8C89-C8D5FD19E83B}.Debug|Any CPU.Build.0 = Debug|Any CPU
		{37F55E5C-D50E-4614-8C89-C8D5FD19E83B}.Release|Any CPU.ActiveCfg = Release|Any CPU
		{37F55E5C-D50E-4614-8C89-C8D5FD19E83B}.Release|Any CPU.Build.0 = Release|Any CPU
		{584205CE-BBF4-4184-92A4-37967F28FD1B}.Debug|Any CPU.ActiveCfg = Debug|Any CPU
		{584205CE-BBF4-4184-92A4-37967F28FD1B}.Debug|Any CPU.Build.0 = Debug|Any CPU
		{584205CE-BBF4-4184-92A4-37967F28FD1B}.Release|Any CPU.ActiveCfg = Release|Any CPU
		{584205CE-BBF4-4184-92A4-37967F28FD1B}.Release|Any CPU.Build.0 = Release|Any CPU
		{E4017EEE-812F-46C8-843C-FDE6DA9F349B}.Debug|Any CPU.ActiveCfg = Debug|Any CPU
		{E4017EEE-812F-46C8-843C-FDE6DA9F349B}.Debug|Any CPU.Build.0 = Debug|Any CPU
		{E4017EEE-812F-46C8-843C-FDE6DA9F349B}.Release|Any CPU.ActiveCfg = Release|Any CPU
		{E4017EEE-812F-46C8-843C-FDE6DA9F349B}.Release|Any CPU.Build.0 = Release|Any CPU
		{E279466F-3E5A-4A55-B8D9-02C427BC8A58}.Debug|Any CPU.ActiveCfg = Debug|Any CPU
		{E279466F-3E5A-4A55-B8D9-02C427BC8A58}.Debug|Any CPU.Build.0 = Debug|Any CPU
		{E279466F-3E5A-4A55-B8D9-02C427BC8A58}.Release|Any CPU.ActiveCfg = Release|Any CPU
		{E279466F-3E5A-4A55-B8D9-02C427BC8A58}.Release|Any CPU.Build.0 = Release|Any CPU
		{449B8F14-1235-4676-B3B1-5105519FA10E}.Debug|Any CPU.ActiveCfg = Debug|Any CPU
		{449B8F14-1235-4676-B3B1-5105519FA10E}.Debug|Any CPU.Build.0 = Debug|Any CPU
		{449B8F14-1235-4676-B3B1-5105519FA10E}.Release|Any CPU.ActiveCfg = Release|Any CPU
		{449B8F14-1235-4676-B3B1-5105519FA10E}.Release|Any CPU.Build.0 = Release|Any CPU
		{A8A9E73F-EA85-430F-B5DE-9650AFA6EE6A}.Debug|Any CPU.ActiveCfg = Debug|Any CPU
		{A8A9E73F-EA85-430F-B5DE-9650AFA6EE6A}.Debug|Any CPU.Build.0 = Debug|Any CPU
		{A8A9E73F-EA85-430F-B5DE-9650AFA6EE6A}.Release|Any CPU.ActiveCfg = Release|Any CPU
		{A8A9E73F-EA85-430F-B5DE-9650AFA6EE6A}.Release|Any CPU.Build.0 = Release|Any CPU
		{5D0172AF-D475-4084-B157-991162A2089C}.Debug|Any CPU.ActiveCfg = Debug|Any CPU
		{5D0172AF-D475-4084-B157-991162A2089C}.Debug|Any CPU.Build.0 = Debug|Any CPU
		{5D0172AF-D475-4084-B157-991162A2089C}.Release|Any CPU.ActiveCfg = Release|Any CPU
		{5D0172AF-D475-4084-B157-991162A2089C}.Release|Any CPU.Build.0 = Release|Any CPU
		{435AADA8-0685-4D9A-BD2F-3A18C6D2F50F}.Debug|Any CPU.ActiveCfg = Debug|Any CPU
		{435AADA8-0685-4D9A-BD2F-3A18C6D2F50F}.Debug|Any CPU.Build.0 = Debug|Any CPU
		{435AADA8-0685-4D9A-BD2F-3A18C6D2F50F}.Release|Any CPU.ActiveCfg = Release|Any CPU
		{435AADA8-0685-4D9A-BD2F-3A18C6D2F50F}.Release|Any CPU.Build.0 = Release|Any CPU
		{47FA431F-28B0-4CD8-AD71-D2FD3C6D0F91}.Debug|Any CPU.ActiveCfg = Debug|Any CPU
		{47FA431F-28B0-4CD8-AD71-D2FD3C6D0F91}.Debug|Any CPU.Build.0 = Debug|Any CPU
		{47FA431F-28B0-4CD8-AD71-D2FD3C6D0F91}.Release|Any CPU.ActiveCfg = Release|Any CPU
		{47FA431F-28B0-4CD8-AD71-D2FD3C6D0F91}.Release|Any CPU.Build.0 = Release|Any CPU
		{C81B828C-242C-4C3B-B4DB-E189D43AAAE8}.Debug|Any CPU.ActiveCfg = Debug|Any CPU
		{C81B828C-242C-4C3B-B4DB-E189D43AAAE8}.Debug|Any CPU.Build.0 = Debug|Any CPU
		{C81B828C-242C-4C3B-B4DB-E189D43AAAE8}.Release|Any CPU.ActiveCfg = Release|Any CPU
		{C81B828C-242C-4C3B-B4DB-E189D43AAAE8}.Release|Any CPU.Build.0 = Release|Any CPU
		{0CACB005-ED3F-4A7F-ACD5-6E5B3CEF8A3F}.Debug|Any CPU.ActiveCfg = Debug|Any CPU
		{0CACB005-ED3F-4A7F-ACD5-6E5B3CEF8A3F}.Debug|Any CPU.Build.0 = Debug|Any CPU
		{0CACB005-ED3F-4A7F-ACD5-6E5B3CEF8A3F}.Release|Any CPU.ActiveCfg = Release|Any CPU
		{0CACB005-ED3F-4A7F-ACD5-6E5B3CEF8A3F}.Release|Any CPU.Build.0 = Release|Any CPU
		{41034811-0658-4F2B-BE2C-5F0265F51C36}.Debug|Any CPU.ActiveCfg = Debug|Any CPU
		{41034811-0658-4F2B-BE2C-5F0265F51C36}.Debug|Any CPU.Build.0 = Debug|Any CPU
		{41034811-0658-4F2B-BE2C-5F0265F51C36}.Release|Any CPU.ActiveCfg = Release|Any CPU
		{41034811-0658-4F2B-BE2C-5F0265F51C36}.Release|Any CPU.Build.0 = Release|Any CPU
		{D26BC2DE-4428-4AD6-AF89-2792F55F5933}.Debug|Any CPU.ActiveCfg = Debug|Any CPU
		{D26BC2DE-4428-4AD6-AF89-2792F55F5933}.Debug|Any CPU.Build.0 = Debug|Any CPU
		{D26BC2DE-4428-4AD6-AF89-2792F55F5933}.Release|Any CPU.ActiveCfg = Release|Any CPU
		{D26BC2DE-4428-4AD6-AF89-2792F55F5933}.Release|Any CPU.Build.0 = Release|Any CPU
		{51FE5954-7ED4-4C3A-8570-0FE10BD5E097}.Debug|Any CPU.ActiveCfg = Debug|Any CPU
		{51FE5954-7ED4-4C3A-8570-0FE10BD5E097}.Debug|Any CPU.Build.0 = Debug|Any CPU
		{51FE5954-7ED4-4C3A-8570-0FE10BD5E097}.Release|Any CPU.ActiveCfg = Release|Any CPU
		{51FE5954-7ED4-4C3A-8570-0FE10BD5E097}.Release|Any CPU.Build.0 = Release|Any CPU
		{C37100E4-B916-4A8F-B65A-933A8B5A87D0}.Debug|Any CPU.ActiveCfg = Debug|Any CPU
		{C37100E4-B916-4A8F-B65A-933A8B5A87D0}.Debug|Any CPU.Build.0 = Debug|Any CPU
		{C37100E4-B916-4A8F-B65A-933A8B5A87D0}.Release|Any CPU.ActiveCfg = Release|Any CPU
		{C37100E4-B916-4A8F-B65A-933A8B5A87D0}.Release|Any CPU.Build.0 = Release|Any CPU
		{CEB3BE3F-CEDA-419E-B6BD-1A0B9D58F199}.Debug|Any CPU.ActiveCfg = Debug|Any CPU
		{CEB3BE3F-CEDA-419E-B6BD-1A0B9D58F199}.Debug|Any CPU.Build.0 = Debug|Any CPU
		{CEB3BE3F-CEDA-419E-B6BD-1A0B9D58F199}.Release|Any CPU.ActiveCfg = Release|Any CPU
		{CEB3BE3F-CEDA-419E-B6BD-1A0B9D58F199}.Release|Any CPU.Build.0 = Release|Any CPU
		{F7DF29B5-79F4-4620-A8CA-1DCBC8E73E87}.Debug|Any CPU.ActiveCfg = Debug|Any CPU
		{F7DF29B5-79F4-4620-A8CA-1DCBC8E73E87}.Debug|Any CPU.Build.0 = Debug|Any CPU
		{F7DF29B5-79F4-4620-A8CA-1DCBC8E73E87}.Release|Any CPU.ActiveCfg = Release|Any CPU
		{F7DF29B5-79F4-4620-A8CA-1DCBC8E73E87}.Release|Any CPU.Build.0 = Release|Any CPU
		{E3DFD2F3-C143-4680-A109-FC1265FDECF8}.Debug|Any CPU.ActiveCfg = Debug|Any CPU
		{E3DFD2F3-C143-4680-A109-FC1265FDECF8}.Debug|Any CPU.Build.0 = Debug|Any CPU
		{E3DFD2F3-C143-4680-A109-FC1265FDECF8}.Release|Any CPU.ActiveCfg = Release|Any CPU
		{E3DFD2F3-C143-4680-A109-FC1265FDECF8}.Release|Any CPU.Build.0 = Release|Any CPU
		{F360C6A6-6ACB-42A8-A34B-32BAAD92FA2A}.Debug|Any CPU.ActiveCfg = Debug|Any CPU
		{F360C6A6-6ACB-42A8-A34B-32BAAD92FA2A}.Debug|Any CPU.Build.0 = Debug|Any CPU
		{F360C6A6-6ACB-42A8-A34B-32BAAD92FA2A}.Release|Any CPU.ActiveCfg = Release|Any CPU
		{F360C6A6-6ACB-42A8-A34B-32BAAD92FA2A}.Release|Any CPU.Build.0 = Release|Any CPU
		{670DA457-9F84-432D-815F-15402C13EB60}.Debug|Any CPU.ActiveCfg = Debug|Any CPU
		{670DA457-9F84-432D-815F-15402C13EB60}.Debug|Any CPU.Build.0 = Debug|Any CPU
		{670DA457-9F84-432D-815F-15402C13EB60}.Release|Any CPU.ActiveCfg = Release|Any CPU
		{670DA457-9F84-432D-815F-15402C13EB60}.Release|Any CPU.Build.0 = Release|Any CPU
		{D9610C35-13D5-4AD3-A619-F356F78D0981}.Debug|Any CPU.ActiveCfg = Debug|Any CPU
		{D9610C35-13D5-4AD3-A619-F356F78D0981}.Debug|Any CPU.Build.0 = Debug|Any CPU
		{D9610C35-13D5-4AD3-A619-F356F78D0981}.Release|Any CPU.ActiveCfg = Release|Any CPU
		{D9610C35-13D5-4AD3-A619-F356F78D0981}.Release|Any CPU.Build.0 = Release|Any CPU
		{5EFC28EB-A3DB-4380-8C40-AE2F91164E02}.Debug|Any CPU.ActiveCfg = Debug|Any CPU
		{5EFC28EB-A3DB-4380-8C40-AE2F91164E02}.Debug|Any CPU.Build.0 = Debug|Any CPU
		{5EFC28EB-A3DB-4380-8C40-AE2F91164E02}.Release|Any CPU.ActiveCfg = Release|Any CPU
		{5EFC28EB-A3DB-4380-8C40-AE2F91164E02}.Release|Any CPU.Build.0 = Release|Any CPU
		{8DCAA80D-A80E-4913-96A4-A281A6AF3422}.Debug|Any CPU.ActiveCfg = Debug|Any CPU
		{8DCAA80D-A80E-4913-96A4-A281A6AF3422}.Debug|Any CPU.Build.0 = Debug|Any CPU
		{8DCAA80D-A80E-4913-96A4-A281A6AF3422}.Release|Any CPU.ActiveCfg = Release|Any CPU
		{8DCAA80D-A80E-4913-96A4-A281A6AF3422}.Release|Any CPU.Build.0 = Release|Any CPU
		{558C73C2-1251-4DFB-B2FC-CD2852D0C0A5}.Debug|Any CPU.ActiveCfg = Debug|Any CPU
		{558C73C2-1251-4DFB-B2FC-CD2852D0C0A5}.Debug|Any CPU.Build.0 = Debug|Any CPU
		{558C73C2-1251-4DFB-B2FC-CD2852D0C0A5}.Release|Any CPU.ActiveCfg = Release|Any CPU
		{558C73C2-1251-4DFB-B2FC-CD2852D0C0A5}.Release|Any CPU.Build.0 = Release|Any CPU
		{754F245A-CA50-4DEA-A5F0-4EDA746011A7}.Debug|Any CPU.ActiveCfg = Debug|Any CPU
		{754F245A-CA50-4DEA-A5F0-4EDA746011A7}.Debug|Any CPU.Build.0 = Debug|Any CPU
		{754F245A-CA50-4DEA-A5F0-4EDA746011A7}.Release|Any CPU.ActiveCfg = Release|Any CPU
		{754F245A-CA50-4DEA-A5F0-4EDA746011A7}.Release|Any CPU.Build.0 = Release|Any CPU
		{5E48BEAF-4118-4C97-A318-7D9A2111CB36}.Debug|Any CPU.ActiveCfg = Debug|Any CPU
		{5E48BEAF-4118-4C97-A318-7D9A2111CB36}.Debug|Any CPU.Build.0 = Debug|Any CPU
		{5E48BEAF-4118-4C97-A318-7D9A2111CB36}.Release|Any CPU.ActiveCfg = Release|Any CPU
		{5E48BEAF-4118-4C97-A318-7D9A2111CB36}.Release|Any CPU.Build.0 = Release|Any CPU
		{A682E52A-B9D0-41C7-AC55-89433A4856B5}.Debug|Any CPU.ActiveCfg = Debug|Any CPU
		{A682E52A-B9D0-41C7-AC55-89433A4856B5}.Debug|Any CPU.Build.0 = Debug|Any CPU
		{A682E52A-B9D0-41C7-AC55-89433A4856B5}.Release|Any CPU.ActiveCfg = Release|Any CPU
		{A682E52A-B9D0-41C7-AC55-89433A4856B5}.Release|Any CPU.Build.0 = Release|Any CPU
		{5840E8E3-68EB-49A2-8427-B8EABE847068}.Debug|Any CPU.ActiveCfg = Debug|Any CPU
		{5840E8E3-68EB-49A2-8427-B8EABE847068}.Debug|Any CPU.Build.0 = Debug|Any CPU
		{5840E8E3-68EB-49A2-8427-B8EABE847068}.Release|Any CPU.ActiveCfg = Release|Any CPU
		{5840E8E3-68EB-49A2-8427-B8EABE847068}.Release|Any CPU.Build.0 = Release|Any CPU
		{326ABA6B-FA07-418A-BDBD-6F7FE3909640}.Debug|Any CPU.ActiveCfg = Debug|Any CPU
		{326ABA6B-FA07-418A-BDBD-6F7FE3909640}.Debug|Any CPU.Build.0 = Debug|Any CPU
		{326ABA6B-FA07-418A-BDBD-6F7FE3909640}.Release|Any CPU.ActiveCfg = Release|Any CPU
		{326ABA6B-FA07-418A-BDBD-6F7FE3909640}.Release|Any CPU.Build.0 = Release|Any CPU
		{AF44AAE8-188B-4E7D-AD1C-CA54D702590B}.Debug|Any CPU.ActiveCfg = Debug|Any CPU
		{AF44AAE8-188B-4E7D-AD1C-CA54D702590B}.Debug|Any CPU.Build.0 = Debug|Any CPU
		{AF44AAE8-188B-4E7D-AD1C-CA54D702590B}.Release|Any CPU.ActiveCfg = Release|Any CPU
		{AF44AAE8-188B-4E7D-AD1C-CA54D702590B}.Release|Any CPU.Build.0 = Release|Any CPU
		{8794F522-94E4-4689-8450-7173225C0D73}.Debug|Any CPU.ActiveCfg = Debug|Any CPU
		{8794F522-94E4-4689-8450-7173225C0D73}.Debug|Any CPU.Build.0 = Debug|Any CPU
		{8794F522-94E4-4689-8450-7173225C0D73}.Release|Any CPU.ActiveCfg = Release|Any CPU
		{8794F522-94E4-4689-8450-7173225C0D73}.Release|Any CPU.Build.0 = Release|Any CPU
	EndGlobalSection
	GlobalSection(SolutionProperties) = preSolution
		HideSolutionNode = FALSE
	EndGlobalSection
EndGlobal
